{
  "version": "4",
  "specifiers": {
    "jsr:@std/dotenv@*": "0.225.2",
    "npm:@cashu/cashu-ts@^1.1.0": "1.1.0",
    "npm:@jsr/nostrify__nostrify@~0.36.1": "0.36.1_typescript@5.6.3",
    "npm:@noble/hashes@^1.5.0": "1.5.0",
    "npm:@types/qrcode-terminal@~0.12.2": "0.12.2",
    "npm:applesauce-core@0.6": "0.6.0_typescript@5.6.3",
    "npm:inquirer@12": "12.0.0",
    "npm:nostr-tools@^2.8.0": "2.8.1_typescript@5.6.3",
    "npm:prettier@^3.3.3": "3.3.3",
    "npm:qrcode-terminal@0.12": "0.12.0",
    "npm:typescript@^5.6.3": "5.6.3",
    "npm:ws@^8.18.0": "8.18.0"
  },
  "jsr": {
    "@std/dotenv@0.225.2": {
      "integrity": "e2025dce4de6c7bca21dece8baddd4262b09d5187217e231b033e088e0c4dd23"
    }
  },
  "npm": {
    "@cashu/cashu-ts@1.1.0": {
      "integrity": "sha512-zdMKOHx3l+gzCRbK2R+dPaui78Kq3f4C1pz+ya7polbpzqPGU+NlT3Y3V9uKjwLJUp1G0lumKKU0lj4/Ywczpg==",
      "dependencies": [
        "@cashu/crypto",
        "@noble/curves@1.6.0",
        "@noble/hashes@1.5.0",
        "@scure/bip32@1.5.0",
        "@scure/bip39@1.4.0",
        "buffer"
      ]
    },
    "@cashu/crypto@0.2.7": {
      "integrity": "sha512-1aaDfUjiHNXoJqg8nW+341TLWV9W28DsVNXJUKcHL0yAmwLs5+56SSnb8LLDJzPamLVoYL0U0bda91klAzptig==",
      "dependencies": [
        "@noble/curves@1.6.0",
        "@noble/hashes@1.5.0",
        "@scure/bip32@1.5.0",
        "@scure/bip39@1.4.0",
        "buffer"
      ]
    },
    "@inquirer/checkbox@4.0.0": {
      "integrity": "sha512-TNd+u1fAG8vf8YMgXzK2BI0u0xsphFv//T5rpF1eZ+8AAXby5Ll1qptr4/XVS45dvWDIzuBmmWIpVJRvnaNqzQ==",
      "dependencies": [
        "@inquirer/core",
        "@inquirer/figures",
        "@inquirer/type",
        "ansi-escapes",
        "yoctocolors-cjs"
      ]
    },
    "@inquirer/confirm@5.0.0": {
      "integrity": "sha512-6QEzj6bZg8atviRIL+pR0tODC854cYSjvZxkyCarr8DVaOJPEyuGys7GmEG3W0Rb8kKSQec7P6okt0sJvNneFw==",
      "dependencies": [
        "@inquirer/core",
        "@inquirer/type"
      ]
    },
    "@inquirer/core@10.0.0": {
      "integrity": "sha512-7dwoKCGvgZGHWTZfOj2KLmbIAIdiXP9NTrwGaTO/XDfKMEmyBahZpnombiG6JDHmiOrmK3GLEJRXrWExXCDLmQ==",
      "dependencies": [
        "@inquirer/figures",
        "@inquirer/type",
        "ansi-escapes",
        "cli-width",
        "mute-stream",
        "signal-exit",
        "strip-ansi",
        "wrap-ansi",
        "yoctocolors-cjs"
      ]
    },
    "@inquirer/editor@4.0.0": {
      "integrity": "sha512-bhHAP7hIOxUjiTZrpjyAYD+2RFRa+PNutWeW7JdDPcWWG3GVRiFsu3pBGw9kN2PktoiilDWFGSR0dwXBzGQang==",
      "dependencies": [
        "@inquirer/core",
        "@inquirer/type",
        "external-editor"
      ]
    },
    "@inquirer/expand@4.0.0": {
      "integrity": "sha512-mR7JHNIvCB4o12f75KN42he7s1O9tmcSN4wJ6l04oymfXKLn+lYJFI7z9lbe4/Ald6fm8nuF38fuY5hNPl3B+A==",
      "dependencies": [
        "@inquirer/core",
        "@inquirer/type",
        "yoctocolors-cjs"
      ]
    },
    "@inquirer/figures@1.0.7": {
      "integrity": "sha512-m+Trk77mp54Zma6xLkLuY+mvanPxlE4A7yNKs2HBiyZ4UkVs28Mv5c/pgWrHeInx+USHeX/WEPzjrWrcJiQgjw=="
    },
    "@inquirer/input@4.0.0": {
      "integrity": "sha512-LD7MNzaX+q2OpU4Fn0i/SedhnnBCAnEzRr6L0MP6ohofFFlx9kp5EXX7flbRZlUnh8icOwC3NFmXTyP76hvo0g==",
      "dependencies": [
        "@inquirer/core",
        "@inquirer/type"
      ]
    },
    "@inquirer/number@3.0.0": {
      "integrity": "sha512-DUYfROyQNWm3q+JXL3S6s1/y/cOWRstnmt5zDXhdYNJ5N8TgCnHcDXKwW/dRZL7eBZupmDVHxdKCWZDUYUqmeg==",
      "dependencies": [
        "@inquirer/core",
        "@inquirer/type"
      ]
    },
    "@inquirer/password@4.0.0": {
      "integrity": "sha512-W4QRSzJDMKIvWSvQWOIhs6qba1MJ6yIoy+sazSFhl2QIwn58B0Yw3iZ/zLk3QqVcCsTmKcyrSNVWUJ5RVDLStw==",
      "dependencies": [
        "@inquirer/core",
        "@inquirer/type",
        "ansi-escapes"
      ]
    },
    "@inquirer/prompts@7.0.0": {
      "integrity": "sha512-y8kX/TmyBqV0H1i3cWbhiTljcuBtgVgyVXAVub3ba1j5/G+dxhYohK1JLRkaosPGKKf3LnEJsYK+GPabpfnaHw==",
      "dependencies": [
        "@inquirer/checkbox",
        "@inquirer/confirm",
        "@inquirer/editor",
        "@inquirer/expand",
        "@inquirer/input",
        "@inquirer/number",
        "@inquirer/password",
        "@inquirer/rawlist",
        "@inquirer/search",
        "@inquirer/select"
      ]
    },
    "@inquirer/rawlist@4.0.0": {
      "integrity": "sha512-frzJNoMsQBO1fxLXrtpxt2c8hUy/ASEmBpIOEnXY2CjylPnLsVyxrEq7hcOIqVJKHn1tIPfplfiSPowOTrrUDg==",
      "dependencies": [
        "@inquirer/core",
        "@inquirer/type",
        "yoctocolors-cjs"
      ]
    },
    "@inquirer/search@3.0.0": {
      "integrity": "sha512-AT9vkC2KD/PLHZZXIW5Tn/FnJzEU3xEZMLxNo9OggKoreDEKfTOKVM1LkYbDg6UQUOOjntXd0SsrvoHfCzS8cw==",
      "dependencies": [
        "@inquirer/core",
        "@inquirer/figures",
        "@inquirer/type",
        "yoctocolors-cjs"
      ]
    },
    "@inquirer/select@4.0.0": {
      "integrity": "sha512-XTN4AIFusWbNCBU1Xm2YDxbtH94e/FOrC27U3QargSsoDT1mRm+aLfqE+oOZnUuxwtTnInRT8UHRU3MVOu52wg==",
      "dependencies": [
        "@inquirer/core",
        "@inquirer/figures",
        "@inquirer/type",
        "ansi-escapes",
        "yoctocolors-cjs"
      ]
    },
    "@inquirer/type@3.0.0_@types+node@22.7.6": {
      "integrity": "sha512-YYykfbw/lefC7yKj7nanzQXILM7r3suIvyFlCcMskc99axmsSewXWkAfXKwMbgxL76iAFVmRwmYdwNZNc8gjog==",
      "dependencies": [
        "@types/node"
      ]
    },
    "@jsr/nostrify__nostrify@0.36.1_typescript@5.6.3": {
      "integrity": "sha512-XBuVNurSmTvLsqBB9S9h9kEhkq1u+EYZ7n5JIJDZOVBNOqZ8Ymd0XyiJwofHK8Qhtkq3jYXqwWXTH9PLFdGv/Q==",
      "dependencies": [
        "@jsr/nostrify__types",
        "@jsr/std__crypto",
        "@jsr/std__encoding",
        "@scure/base@1.1.9",
        "@scure/bip32@1.5.0",
        "@scure/bip39@1.4.0",
        "lru-cache",
        "nostr-tools",
        "websocket-ts",
        "zod"
      ]
    },
    "@jsr/nostrify__types@0.35.0": {
      "integrity": "sha512-dukOLFxyF7JwDvORLvb3PwMFs1HOBIkTyiewkujiGPaQ7FjvvGMiqY/QxbG0qZX5AmTtS65c/lLlg/ni1flrGQ=="
    },
    "@jsr/std__assert@0.224.0": {
      "integrity": "sha512-RB0p0ydybgKSfTba6kHWytfpEJ0CBPi+byxZikLYa51L9uLINW52/j6n4KuiLFoh2cdFfpNZSNMY/dzQPW90DQ==",
      "dependencies": [
        "@jsr/std__fmt",
        "@jsr/std__internal"
      ]
    },
    "@jsr/std__crypto@0.224.0": {
      "integrity": "sha512-qzZWI8VnH215FS7hmQsAeNafjLMkmSl1OOvexorVUEf1Zl9omHSN87MwIjtmyVXGLtpGRLzIhKXbeup1xO69Zw==",
      "dependencies": [
        "@jsr/std__assert",
        "@jsr/std__encoding"
      ]
    },
    "@jsr/std__encoding@0.224.3": {
      "integrity": "sha512-zAuX2QV1zwJ5RSmrnDGVerAtN3pBXpYYNlGzhERW9AiQ1UJd2/xruyB3i5NdTWy2OK2pjETswOj+0+prYTPlxQ=="
    },
    "@jsr/std__fmt@0.224.0": {
      "integrity": "sha512-lyrH5LesMB897QW0NIbZlGp72Ucopj2hMZW2wqB0NyZhuXfLH2sPBIUpCSf87kRKTGnx90JV905w4iTp0TD+Sg=="
    },
    "@jsr/std__internal@0.224.0": {
      "integrity": "sha512-inYzKOGAFK2tyy1D4NfwlbPiqEcSaXfOms3Tm4Y+1LmKSYOeB9wjqWHF4y/BJuYj8XUv61F7eaHaIw6NIlhBWg==",
      "dependencies": [
        "@jsr/std__fmt"
      ]
    },
    "@noble/ciphers@0.5.3": {
      "integrity": "sha512-B0+6IIHiqEs3BPMT0hcRmHvEj2QHOLu+uwt+tqDDeVd0oyVzh7BPrDcPjRnV1PV/5LaknXJJQvOuRGR0zQJz+w=="
    },
    "@noble/curves@1.1.0": {
      "integrity": "sha512-091oBExgENk/kGj3AZmtBDMpxQPDtxQABR2B9lb1JbVTs6ytdzZNwvhxQ4MWasRNEzlbEH8jCWFCwhF/Obj5AA==",
      "dependencies": [
        "@noble/hashes@1.3.1"
      ]
    },
    "@noble/curves@1.2.0": {
      "integrity": "sha512-oYclrNgRaM9SsBUBVbb8M6DTV7ZHRTKugureoYEncY5c65HOmRzvSiTE3y5CYaPYJA/GVkrhXEoF0M3Ya9PMnw==",
      "dependencies": [
        "@noble/hashes@1.3.2"
      ]
    },
    "@noble/curves@1.6.0": {
      "integrity": "sha512-TlaHRXDehJuRNR9TfZDNQ45mMEd5dwUwmicsafcIX4SsNiqnCHKjE/1alYPd/lDRVhxdhUAlv8uEhMCI5zjIJQ==",
      "dependencies": [
        "@noble/hashes@1.5.0"
      ]
    },
    "@noble/hashes@1.3.1": {
      "integrity": "sha512-EbqwksQwz9xDRGfDST86whPBgM65E0OH/pCgqW0GBVzO22bNE+NuIbeTb714+IfSjU3aRk47EUvXIb5bTsenKA=="
    },
    "@noble/hashes@1.3.2": {
      "integrity": "sha512-MVC8EAQp7MvEcm30KWENFjgR+Mkmf+D189XJTkFIlwohU5hcBbn1ZkKq7KVTi2Hme3PMGF390DaL52beVrIihQ=="
    },
    "@noble/hashes@1.5.0": {
      "integrity": "sha512-1j6kQFb7QRru7eKN3ZDvRcP13rugwdxZqCjbiAVZfIJwgj2A65UmT4TgARXGlXgnRkORLTDTrO19ZErt7+QXgA=="
    },
    "@scure/base@1.1.1": {
      "integrity": "sha512-ZxOhsSyxYwLJj3pLZCefNitxsj093tb2vq90mp2txoYeBqbcjDjqFhyM8eUjq/uFm6zJ+mUuqxlS2FkuSY1MTA=="
    },
    "@scure/base@1.1.9": {
      "integrity": "sha512-8YKhl8GHiNI/pU2VMaofa2Tor7PJRAjwQLBBuilkJ9L5+13yVbC7JO/wS7piioAvPSwR3JKM1IJ/u4xQzbcXKg=="
    },
    "@scure/bip32@1.3.1": {
      "integrity": "sha512-osvveYtyzdEVbt3OfwwXFr4P2iVBL5u1Q3q4ONBfDY/UpOuXmOlbgwc1xECEboY8wIays8Yt6onaWMUdUbfl0A==",
      "dependencies": [
        "@noble/curves@1.1.0",
        "@noble/hashes@1.3.2",
        "@scure/base@1.1.9"
      ]
    },
    "@scure/bip32@1.5.0": {
      "integrity": "sha512-8EnFYkqEQdnkuGBVpCzKxyIwDCBLDVj3oiX0EKUFre/tOjL/Hqba1D6n/8RcmaQy4f95qQFrO2A8Sr6ybh4NRw==",
      "dependencies": [
        "@noble/curves@1.6.0",
        "@noble/hashes@1.5.0",
        "@scure/base@1.1.9"
      ]
    },
    "@scure/bip39@1.2.1": {
      "integrity": "sha512-Z3/Fsz1yr904dduJD0NpiyRHhRYHdcnyh73FZWiV+/qhWi83wNJ3NWolYqCEN+ZWsUz2TWwajJggcRE9r1zUYg==",
      "dependencies": [
        "@noble/hashes@1.3.2",
        "@scure/base@1.1.9"
      ]
    },
    "@scure/bip39@1.4.0": {
      "integrity": "sha512-BEEm6p8IueV/ZTfQLp/0vhw4NPnT9oWf5+28nvmeUICjP99f4vr2d+qc7AVGDDtwRep6ifR43Yed9ERVmiITzw==",
      "dependencies": [
        "@noble/hashes@1.5.0",
        "@scure/base@1.1.9"
      ]
    },
    "@types/node@22.7.6": {
      "integrity": "sha512-/d7Rnj0/ExXDMcioS78/kf1lMzYk4BZV8MZGTBKzTGZ6/406ukkbYlIsZmMPhcR5KlkunDHQLrtAVmSq7r+mSw==",
      "dependencies": [
        "undici-types"
      ]
    },
    "@types/qrcode-terminal@0.12.2": {
      "integrity": "sha512-v+RcIEJ+Uhd6ygSQ0u5YYY7ZM+la7GgPbs0V/7l/kFs2uO4S8BcIUEMoP7za4DNIqNnUD5npf0A/7kBhrCKG5Q=="
    },
    "ansi-escapes@4.3.2": {
      "integrity": "sha512-gKXj5ALrKWQLsYG9jlTRmR/xKluxHV+Z9QEwNIgCfM1/uwPMCuzVVnh5mwTd+OuBZcwSIMbqssNWRm1lE51QaQ==",
      "dependencies": [
        "type-fest"
      ]
    },
    "ansi-regex@5.0.1": {
      "integrity": "sha512-quJQXlTSUGL2LH9SUXo8VwsY4soanhgo6LNSm84E1LBcE8s3O0wpdiRzyR9z/ZZJMlMWv37qOOb9pdJlMUEKFQ=="
    },
    "ansi-styles@4.3.0": {
      "integrity": "sha512-zbB9rCJAT1rbjiVDb2hqKFHNYLxgtk8NURxZ3IZwD3F6NtxbXZQCnnSi1Lkx+IDohdPlFp222wVALIheZJQSEg==",
      "dependencies": [
        "color-convert"
      ]
    },
    "applesauce-core@0.6.0_typescript@5.6.3": {
      "integrity": "sha512-23W/7P0hzjVGIp51Yp4ppJgbDFNtrJrF3HO3/M36/z+Msdb3HKiSXmt3bMxEVMY6nJTT+zWneq7mAd7VvwhWaA==",
      "dependencies": [
        "debug",
        "json-stringify-deterministic",
        "nanoid",
        "nostr-tools",
        "zen-observable@0.10.0",
        "zen-push"
      ]
    },
    "base64-js@1.5.1": {
      "integrity": "sha512-AKpaYlHn8t4SVbOHCy+b5+KKgvR4vrsD8vbvrbiQJps7fKDTkjkDry6ji0rUJjC0kzbNePLwzxq8iypo41qeWA=="
    },
    "buffer@6.0.3": {
      "integrity": "sha512-FTiCpNxtwiZZHEZbcbTIcZjERVICn9yq/pDFkTl95/AxzD1naBctN7YO68riM/gLSDY7sdrMby8hofADYuuqOA==",
      "dependencies": [
        "base64-js",
        "ieee754"
      ]
    },
    "chardet@0.7.0": {
      "integrity": "sha512-mT8iDcrh03qDGRRmoA2hmBJnxpllMR+0/0qlzjqZES6NdiWDcZkCNAk4rPFZ9Q85r27unkiNNg8ZOiwZXBHwcA=="
    },
    "cli-width@4.1.0": {
      "integrity": "sha512-ouuZd4/dm2Sw5Gmqy6bGyNNNe1qt9RpmxveLSO7KcgsTnU7RXfsw+/bukWGo1abgBiMAic068rclZsO4IWmmxQ=="
    },
    "color-convert@2.0.1": {
      "integrity": "sha512-RRECPsj7iu/xb5oKYcsFHSppFNnsj/52OVTRKb4zP5onXwVF3zVmmToNcOfGC+CRDpfK/U584fMg38ZHCaElKQ==",
      "dependencies": [
        "color-name"
      ]
    },
    "color-name@1.1.4": {
      "integrity": "sha512-dOy+3AuW3a2wNbZHIuMZpTcgjGuLU/uBL/ubcZF9OXbDo8ff4O8yVp5Bf0efS8uEoYo5q4Fx7dY9OgQGXgAsQA=="
    },
    "debug@4.3.7": {
      "integrity": "sha512-Er2nc/H7RrMXZBFCEim6TCmMk02Z8vLC2Rbi1KEBggpo0fS6l0S1nnapwmIi3yW/+GOJap1Krg4w0Hg80oCqgQ==",
      "dependencies": [
        "ms"
      ]
    },
    "emoji-regex@8.0.0": {
      "integrity": "sha512-MSjYzcWNOA0ewAHpz0MxpYFvwg6yjy1NG3xteoqz644VCo/RPgnr1/GGt+ic3iJTzQ8Eu3TdM14SawnVUmGE6A=="
    },
    "external-editor@3.1.0": {
      "integrity": "sha512-hMQ4CX1p1izmuLYyZqLMO/qGNw10wSv9QDCPfzXfyFrOaCSSoRfqE1Kf1s5an66J5JZC62NewG+mK49jOCtQew==",
      "dependencies": [
        "chardet",
        "iconv-lite",
        "tmp"
      ]
    },
    "iconv-lite@0.4.24": {
      "integrity": "sha512-v3MXnZAcvnywkTUEZomIActle7RXXeedOR31wwl7VlyoXO4Qi9arvSenNQWne1TcRwhCL1HwLI21bEqdpj8/rA==",
      "dependencies": [
        "safer-buffer"
      ]
    },
    "ieee754@1.2.1": {
      "integrity": "sha512-dcyqhDvX1C46lXZcVqCpK+FtMRQVdIMN6/Df5js2zouUsqG7I6sFxitIC+7KYK29KdXOLHdu9zL4sFnoVQnqaA=="
    },
    "inquirer@12.0.0": {
      "integrity": "sha512-W3mwgzLtWIqHndtAb82zCHbRfdPit3jcqEyYkAjM/4p15g/1tOoduYydx6IJ3sh31FHT82YoqYZB8RoTwoMy7w==",
      "dependencies": [
        "@inquirer/core",
        "@inquirer/prompts",
        "@inquirer/type",
        "ansi-escapes",
        "mute-stream",
        "run-async",
        "rxjs"
      ]
    },
    "is-fullwidth-code-point@3.0.0": {
      "integrity": "sha512-zymm5+u+sCsSWyD9qNaejV3DFvhCKclKdizYaJUuHA83RLjb7nSuGnddCHGv0hk+KY7BMAlsWeK4Ueg6EV6XQg=="
    },
    "json-stringify-deterministic@1.0.12": {
      "integrity": "sha512-q3PN0lbUdv0pmurkBNdJH3pfFvOTL/Zp0lquqpvcjfKzt6Y0j49EPHAmVHCAS4Ceq/Y+PejWTzyiVpoY71+D6g=="
    },
    "lru-cache@10.4.3": {
      "integrity": "sha512-JNAzZcXrCt42VGLuYz0zfAzDfAvJWW6AfYlDBQyDV5DClI2m5sAmK+OIO7s59XfsRsWHp02jAJrRadPRGTt6SQ=="
    },
    "ms@2.1.3": {
      "integrity": "sha512-6FlzubTLZG3J2a/NVCAleEhjzq5oxgHyaCU9yYXvcLsvoVaHJq/s5xXI6/XXP6tz7R9xAOtHnSO/tXtF3WRTlA=="
    },
    "mute-stream@2.0.0": {
      "integrity": "sha512-WWdIxpyjEn+FhQJQQv9aQAYlHoNVdzIzUySNV1gHUPDSdZJ3yZn7pAAbQcV7B56Mvu881q9FZV+0Vx2xC44VWA=="
    },
    "nanoid@5.0.7": {
      "integrity": "sha512-oLxFY2gd2IqnjcYyOXD8XGCftpGtZP2AbHbOkthDkvRywH5ayNtPVy9YlOPcHckXzbLTCHpkb7FB+yuxKV13pQ=="
    },
    "nostr-tools@2.8.1_typescript@5.6.3": {
      "integrity": "sha512-lInnbSjtBHviiEpxRt4rV73XdC9lMUuaMkvsiNVpIboGwebP19w4NOx91QRfupczGTSiKxV5X3GzxRr3IvHuCw==",
      "dependencies": [
        "@noble/ciphers",
        "@noble/curves@1.2.0",
        "@noble/hashes@1.3.1",
        "@scure/base@1.1.1",
        "@scure/bip32@1.3.1",
        "@scure/bip39@1.2.1",
        "nostr-wasm",
        "typescript"
      ]
    },
    "nostr-wasm@0.1.0": {
      "integrity": "sha512-78BTryCLcLYv96ONU8Ws3Q1JzjlAt+43pWQhIl86xZmWeegYCNLPml7yQ+gG3vR6V5h4XGj+TxO+SS5dsThQIA=="
    },
    "os-tmpdir@1.0.2": {
      "integrity": "sha512-D2FR03Vir7FIu45XBY20mTb+/ZSWB00sjU9jdQXt83gDrI4Ztz5Fs7/yy74g2N5SVQY4xY1qDr4rNddwYRVX0g=="
    },
    "prettier@3.3.3": {
      "integrity": "sha512-i2tDNA0O5IrMO757lfrdQZCc2jPNDVntV0m/+4whiDfWaTKfMNgR7Qz0NAeGz/nRqF4m5/6CLzbP4/liHt12Ew=="
    },
    "qrcode-terminal@0.12.0": {
      "integrity": "sha512-EXtzRZmC+YGmGlDFbXKxQiMZNwCLEO6BANKXG4iCtSIM0yqc/pappSx3RIKr4r0uh5JsBckOXeKrB3Iz7mdQpQ=="
    },
    "run-async@3.0.0": {
      "integrity": "sha512-540WwVDOMxA6dN6We19EcT9sc3hkXPw5mzRNGM3FkdN/vtE9NFvj5lFAPNwUDmJjXidm3v7TC1cTE7t17Ulm1Q=="
    },
    "rxjs@7.8.1": {
      "integrity": "sha512-AA3TVj+0A2iuIoQkWEK/tqFjBq2j+6PO6Y0zJcvzLAFhEFIO3HL0vls9hWLncZbAAbK0mar7oZ4V079I/qPMxg==",
      "dependencies": [
        "tslib"
      ]
    },
    "safer-buffer@2.1.2": {
      "integrity": "sha512-YZo3K82SD7Riyi0E1EQPojLz7kpepnSQI9IyPbHHg1XXXevb5dJI7tpyN2ADxGcQbHG7vcyRHk0cbwqcQriUtg=="
    },
    "signal-exit@4.1.0": {
      "integrity": "sha512-bzyZ1e88w9O1iNJbKnOlvYTrWPDl46O1bG0D3XInv+9tkPrxrN8jUUTiFlDkkmKWgn1M6CfIA13SuGqOa9Korw=="
    },
    "string-width@4.2.3": {
      "integrity": "sha512-wKyQRQpjJ0sIp62ErSZdGsjMJWsap5oRNihHhu6G7JVO/9jIB6UyevL+tXuOqrng8j/cxKTWyWUwvSTriiZz/g==",
      "dependencies": [
        "emoji-regex",
        "is-fullwidth-code-point",
        "strip-ansi"
      ]
    },
    "strip-ansi@6.0.1": {
      "integrity": "sha512-Y38VPSHcqkFrCpFnQ9vuSXmquuv5oXOKpGeT6aGrr3o3Gc9AlVa6JBfUSOCnbxGGZF+/0ooI7KrPuUSztUdU5A==",
      "dependencies": [
        "ansi-regex"
      ]
    },
    "tmp@0.0.33": {
      "integrity": "sha512-jRCJlojKnZ3addtTOjdIqoRuPEKBvNXcGYqzO6zWZX8KfKEpnGY5jfggJQ3EjKuu8D4bJRr0y+cYJFmYbImXGw==",
      "dependencies": [
        "os-tmpdir"
      ]
    },
    "tslib@2.8.0": {
      "integrity": "sha512-jWVzBLplnCmoaTr13V9dYbiQ99wvZRd0vNWaDRg+aVYRcjDF3nDksxFDE/+fkXnKhpnUUkmx5pK/v8mCtLVqZA=="
    },
    "type-fest@0.21.3": {
      "integrity": "sha512-t0rzBq87m3fVcduHDUFhKmyyX+9eo6WQjZvf51Ea/M0Q7+T374Jp1aUiyUl0GKxp8M/OETVHSDvmkyPgvX+X2w=="
    },
    "typescript@5.6.3": {
      "integrity": "sha512-hjcS1mhfuyi4WW8IWtjP7brDrG2cuDZukyrYrSauoXGNgx0S7zceP07adYkJycEr56BOUTNPzbInooiN3fn1qw=="
    },
    "undici-types@6.19.8": {
      "integrity": "sha512-ve2KP6f/JnbPBFyobGHuerC9g1FYGn/F8n1LWTwNxCEzd6IfqTwUQcNXgEtmmQ6DlRrC1hrSrBnCZPokRrDHjw=="
    },
    "websocket-ts@2.1.5": {
      "integrity": "sha512-rCNl9w6Hsir1azFm/pbjBEFzLD/gi7Th5ZgOxMifB6STUfTSovYAzryWw0TRvSZ1+Qu1Z5Plw4z42UfTNA9idA=="
    },
    "wrap-ansi@6.2.0": {
      "integrity": "sha512-r6lPcBGxZXlIcymEu7InxDMhdW0KDxpLgoFLcguasxCaJ/SOIZwINatK9KY/tf+ZrlywOKU0UDj3ATXUBfxJXA==",
      "dependencies": [
        "ansi-styles",
        "string-width",
        "strip-ansi"
      ]
    },
    "ws@8.18.0": {
      "integrity": "sha512-8VbfWfHLbbwu3+N6OKsOMpBdT4kXPDDB9cJk2bJ6mh9ucxdlnNvH1e+roYkKmN9Nxw2yjz7VzeO9oOz2zJ04Pw=="
    },
    "yoctocolors-cjs@2.1.2": {
      "integrity": "sha512-cYVsTjKl8b+FrnidjibDWskAv7UKOfcwaVZdp/it9n1s9fU3IkgDbhdIRKCW4JDsAlECJY0ytoVPT3sK6kideA=="
    },
    "zen-observable@0.10.0": {
      "integrity": "sha512-iI3lT0iojZhKwT5DaFy2Ce42n3yFcLdFyOh01G7H0flMY60P8MJuVFEoJoNwXlmAyQ45GrjL6AcZmmlv8A5rbw=="
    },
    "zen-observable@0.9.0": {
      "integrity": "sha512-xBrvSw1htnb2VEYpgjG7etqztHSZ4KyKzJgFh/rucI7QzkbxD0rVNmIni6lia6KhWs7RBbBBLZksGKrCSaDAMQ=="
    },
    "zen-push@0.3.1": {
      "integrity": "sha512-6XNTSVz8Z/5+8BzOQFQr+HOr/j7K+ZJfc4tdCCmuiq8y2Ph+aODqagZnXKbKIFZrQ3nSIcdek9gAuEe+p3zJUg==",
      "dependencies": [
        "zen-observable@0.9.0"
      ]
    },
    "zod@3.23.8": {
      "integrity": "sha512-XBx9AXhXktjUqnepgTiE5flcKIYWi/rme0Eaj+5Y0lftuGBq+jyRu/md4WnuxqgP1ubdpNCsYEYPxrzVHD8d6g=="
    }
  },
  "workspace": {
    "packageJson": {
      "dependencies": [
        "npm:@cashu/cashu-ts@^1.1.0",
        "npm:@jsr/nostrify__nostrify@~0.36.1",
        "npm:@noble/hashes@^1.5.0",
        "npm:@types/qrcode-terminal@~0.12.2",
        "npm:applesauce-core@0.6",
        "npm:inquirer@12",
        "npm:prettier@^3.3.3",
        "npm:qrcode-terminal@0.12",
        "npm:typescript@^5.6.3",
        "npm:ws@^8.18.0"
      ]
    }
  }
}
